// !$*UTF8*$!
{
	archiveVersion = 1;
	classes = {
	};
	objectVersion = 77;
	objects = {

/* Begin PBXBuildFile section */
		17C2C62D19E2542C91A435F4 /* Pods_BLEExtractorExample.framework in Frameworks */ = {isa = PBXBuildFile; fileRef = 9425B78F3879ED73D722EE74 /* Pods_BLEExtractorExample.framework */; };
/* End PBXBuildFile section */

/* Begin PBXContainerItemProxy section */
		ABEFA2CB2D4C867B00C409F3 /* PBXContainerItemProxy */ = {
			isa = PBXContainerItemProxy;
			containerPortal = ABEFA2B22D4C867A00C409F3 /* Project object */;
			proxyType = 1;
			remoteGlobalIDString = ABEFA2B92D4C867A00C409F3;
			remoteInfo = BLEExtractorExample;
		};
		ABEFA2D52D4C867B00C409F3 /* PBXContainerItemProxy */ = {
			isa = PBXContainerItemProxy;
			containerPortal = ABEFA2B22D4C867A00C409F3 /* Project object */;
			proxyType = 1;
			remoteGlobalIDString = ABEFA2B92D4C867A00C409F3;
			remoteInfo = BLEExtractorExample;
		};
/* End PBXContainerItemProxy section */

/* Begin PBXFileReference section */
		57791C03492D42B47371625C /* Pods-BLEExtractorExample.release.xcconfig */ = {isa = PBXFileReference; includeInIndex = 1; lastKnownFileType = text.xcconfig; name = "Pods-BLEExtractorExample.release.xcconfig"; path = "Target Support Files/Pods-BLEExtractorExample/Pods-BLEExtractorExample.release.xcconfig"; sourceTree = "<group>"; };
		9425B78F3879ED73D722EE74 /* Pods_BLEExtractorExample.framework */ = {isa = PBXFileReference; explicitFileType = wrapper.framework; includeInIndex = 0; path = Pods_BLEExtractorExample.framework; sourceTree = BUILT_PRODUCTS_DIR; };
		ABEFA2BA2D4C867A00C409F3 /* BLEExtractorExample.app */ = {isa = PBXFileReference; explicitFileType = wrapper.application; includeInIndex = 0; path = BLEExtractorExample.app; sourceTree = BUILT_PRODUCTS_DIR; };
		ABEFA2CA2D4C867B00C409F3 /* BLEExtractorExampleTests.xctest */ = {isa = PBXFileReference; explicitFileType = wrapper.cfbundle; includeInIndex = 0; path = BLEExtractorExampleTests.xctest; sourceTree = BUILT_PRODUCTS_DIR; };
		ABEFA2D42D4C867B00C409F3 /* BLEExtractorExampleUITests.xctest */ = {isa = PBXFileReference; explicitFileType = wrapper.cfbundle; includeInIndex = 0; path = BLEExtractorExampleUITests.xctest; sourceTree = BUILT_PRODUCTS_DIR; };
		FB53492350A97DC6C138ED6D /* Pods-BLEExtractorExample.debug.xcconfig */ = {isa = PBXFileReference; includeInIndex = 1; lastKnownFileType = text.xcconfig; name = "Pods-BLEExtractorExample.debug.xcconfig"; path = "Target Support Files/Pods-BLEExtractorExample/Pods-BLEExtractorExample.debug.xcconfig"; sourceTree = "<group>"; };
/* End PBXFileReference section */

/* Begin PBXFileSystemSynchronizedBuildFileExceptionSet section */
		ABEFA3602D4C8B2200C409F3 /* Exceptions for "BLEExtractorExample" folder in "BLEExtractorExample" target */ = {
			isa = PBXFileSystemSynchronizedBuildFileExceptionSet;
			membershipExceptions = (
				Info.plist,
			);
			target = ABEFA2B92D4C867A00C409F3 /* BLEExtractorExample */;
		};
/* End PBXFileSystemSynchronizedBuildFileExceptionSet section */

/* Begin PBXFileSystemSynchronizedRootGroup section */
		ABEFA2BC2D4C867A00C409F3 /* BLEExtractorExample */ = {
			isa = PBXFileSystemSynchronizedRootGroup;
			exceptions = (
				ABEFA3602D4C8B2200C409F3 /* Exceptions for "BLEExtractorExample" folder in "BLEExtractorExample" target */,
			);
			path = BLEExtractorExample;
			sourceTree = "<group>";
		};
		ABEFA2CD2D4C867B00C409F3 /* BLEExtractorExampleTests */ = {
			isa = PBXFileSystemSynchronizedRootGroup;
			path = BLEExtractorExampleTests;
			sourceTree = "<group>";
		};
		ABEFA2D72D4C867B00C409F3 /* BLEExtractorExampleUITests */ = {
			isa = PBXFileSystemSynchronizedRootGroup;
			path = BLEExtractorExampleUITests;
			sourceTree = "<group>";
		};
/* End PBXFileSystemSynchronizedRootGroup section */

/* Begin PBXFrameworksBuildPhase section */
		ABEFA2B72D4C867A00C409F3 /* Frameworks */ = {
			isa = PBXFrameworksBuildPhase;
			buildActionMask = 2147483647;
			files = (
				17C2C62D19E2542C91A435F4 /* Pods_BLEExtractorExample.framework in Frameworks */,
			);
			runOnlyForDeploymentPostprocessing = 0;
		};
		ABEFA2C72D4C867B00C409F3 /* Frameworks */ = {
			isa = PBXFrameworksBuildPhase;
			buildActionMask = 2147483647;
			files = (
			);
			runOnlyForDeploymentPostprocessing = 0;
		};
		ABEFA2D12D4C867B00C409F3 /* Frameworks */ = {
			isa = PBXFrameworksBuildPhase;
			buildActionMask = 2147483647;
			files = (
			);
			runOnlyForDeploymentPostprocessing = 0;
		};
/* End PBXFrameworksBuildPhase section */

/* Begin PBXGroup section */
		A5EA78D751F90CABDE92BF12 /* Frameworks */ = {
			isa = PBXGroup;
			children = (
				9425B78F3879ED73D722EE74 /* Pods_BLEExtractorExample.framework */,
			);
			name = Frameworks;
			sourceTree = "<group>";
		};
		ABEFA2B12D4C867A00C409F3 = {
			isa = PBXGroup;
			children = (
				ABEFA2BC2D4C867A00C409F3 /* BLEExtractorExample */,
				ABEFA2CD2D4C867B00C409F3 /* BLEExtractorExampleTests */,
				ABEFA2D72D4C867B00C409F3 /* BLEExtractorExampleUITests */,
				ABEFA2BB2D4C867A00C409F3 /* Products */,
				E2EA5667FED5E42E3D07943A /* Pods */,
				A5EA78D751F90CABDE92BF12 /* Frameworks */,
			);
			sourceTree = "<group>";
		};
		ABEFA2BB2D4C867A00C409F3 /* Products */ = {
			isa = PBXGroup;
			children = (
				ABEFA2BA2D4C867A00C409F3 /* BLEExtractorExample.app */,
				ABEFA2CA2D4C867B00C409F3 /* BLEExtractorExampleTests.xctest */,
				ABEFA2D42D4C867B00C409F3 /* BLEExtractorExampleUITests.xctest */,
			);
			name = Products;
			sourceTree = "<group>";
		};
		E2EA5667FED5E42E3D07943A /* Pods */ = {
			isa = PBXGroup;
			children = (
				FB53492350A97DC6C138ED6D /* Pods-BLEExtractorExample.debug.xcconfig */,
				57791C03492D42B47371625C /* Pods-BLEExtractorExample.release.xcconfig */,
			);
			path = Pods;
			sourceTree = "<group>";
		};
/* End PBXGroup section */

/* Begin PBXNativeTarget section */
		ABEFA2B92D4C867A00C409F3 /* BLEExtractorExample */ = {
			isa = PBXNativeTarget;
			buildConfigurationList = ABEFA2DE2D4C867B00C409F3 /* Build configuration list for PBXNativeTarget "BLEExtractorExample" */;
			buildPhases = (
				559A5F2B991F1004998110EA /* [CP] Check Pods Manifest.lock */,
				ABEFA2B62D4C867A00C409F3 /* Sources */,
				ABEFA2B72D4C867A00C409F3 /* Frameworks */,
				ABEFA2B82D4C867A00C409F3 /* Resources */,
				DC32AED28460C8F0741C1759 /* [CP] Embed Pods Frameworks */,
			);
			buildRules = (
			);
			dependencies = (
			);
			fileSystemSynchronizedGroups = (
				ABEFA2BC2D4C867A00C409F3 /* BLEExtractorExample */,
			);
			name = BLEExtractorExample;
			productName = BLEExtractorExample;
			productReference = ABEFA2BA2D4C867A00C409F3 /* BLEExtractorExample.app */;
			productType = "com.apple.product-type.application";
		};
		ABEFA2C92D4C867B00C409F3 /* BLEExtractorExampleTests */ = {
			isa = PBXNativeTarget;
			buildConfigurationList = ABEFA2E12D4C867B00C409F3 /* Build configuration list for PBXNativeTarget "BLEExtractorExampleTests" */;
			buildPhases = (
				ABEFA2C62D4C867B00C409F3 /* Sources */,
				ABEFA2C72D4C867B00C409F3 /* Frameworks */,
				ABEFA2C82D4C867B00C409F3 /* Resources */,
			);
			buildRules = (
			);
			dependencies = (
				ABEFA2CC2D4C867B00C409F3 /* PBXTargetDependency */,
			);
			fileSystemSynchronizedGroups = (
				ABEFA2CD2D4C867B00C409F3 /* BLEExtractorExampleTests */,
			);
			name = BLEExtractorExampleTests;
			productName = BLEExtractorExampleTests;
			productReference = ABEFA2CA2D4C867B00C409F3 /* BLEExtractorExampleTests.xctest */;
			productType = "com.apple.product-type.bundle.unit-test";
		};
		ABEFA2D32D4C867B00C409F3 /* BLEExtractorExampleUITests */ = {
			isa = PBXNativeTarget;
			buildConfigurationList = ABEFA2E42D4C867B00C409F3 /* Build configuration list for PBXNativeTarget "BLEExtractorExampleUITests" */;
			buildPhases = (
				ABEFA2D02D4C867B00C409F3 /* Sources */,
				ABEFA2D12D4C867B00C409F3 /* Frameworks */,
				ABEFA2D22D4C867B00C409F3 /* Resources */,
			);
			buildRules = (
			);
			dependencies = (
				ABEFA2D62D4C867B00C409F3 /* PBXTargetDependency */,
			);
			fileSystemSynchronizedGroups = (
				ABEFA2D72D4C867B00C409F3 /* BLEExtractorExampleUITests */,
			);
			name = BLEExtractorExampleUITests;
			productName = BLEExtractorExampleUITests;
			productReference = ABEFA2D42D4C867B00C409F3 /* BLEExtractorExampleUITests.xctest */;
			productType = "com.apple.product-type.bundle.ui-testing";
		};
/* End PBXNativeTarget section */

/* Begin PBXProject section */
		ABEFA2B22D4C867A00C409F3 /* Project object */ = {
			isa = PBXProject;
			attributes = {
				BuildIndependentTargetsInParallel = 1;
				LastSwiftUpdateCheck = 1620;
				LastUpgradeCheck = 1620;
				TargetAttributes = {
					ABEFA2B92D4C867A00C409F3 = {
						CreatedOnToolsVersion = 16.2;
					};
					ABEFA2C92D4C867B00C409F3 = {
						CreatedOnToolsVersion = 16.2;
						TestTargetID = ABEFA2B92D4C867A00C409F3;
					};
					ABEFA2D32D4C867B00C409F3 = {
						CreatedOnToolsVersion = 16.2;
						TestTargetID = ABEFA2B92D4C867A00C409F3;
					};
				};
			};
			buildConfigurationList = ABEFA2B52D4C867A00C409F3 /* Build configuration list for PBXProject "BLEExtractorExample" */;
			developmentRegion = en;
			hasScannedForEncodings = 0;
			knownRegions = (
				en,
				Base,
			);
			mainGroup = ABEFA2B12D4C867A00C409F3;
			minimizedProjectReferenceProxies = 1;
			preferredProjectObjectVersion = 77;
			productRefGroup = ABEFA2BB2D4C867A00C409F3 /* Products */;
			projectDirPath = "";
			projectRoot = "";
			targets = (
				ABEFA2B92D4C867A00C409F3 /* BLEExtractorExample */,
				ABEFA2C92D4C867B00C409F3 /* BLEExtractorExampleTests */,
				ABEFA2D32D4C867B00C409F3 /* BLEExtractorExampleUITests */,
			);
		};
/* End PBXProject section */

/* Begin PBXResourcesBuildPhase section */
		ABEFA2B82D4C867A00C409F3 /* Resources */ = {
			isa = PBXResourcesBuildPhase;
			buildActionMask = 2147483647;
			files = (
			);
			runOnlyForDeploymentPostprocessing = 0;
		};
		ABEFA2C82D4C867B00C409F3 /* Resources */ = {
			isa = PBXResourcesBuildPhase;
			buildActionMask = 2147483647;
			files = (
			);
			runOnlyForDeploymentPostprocessing = 0;
		};
		ABEFA2D22D4C867B00C409F3 /* Resources */ = {
			isa = PBXResourcesBuildPhase;
			buildActionMask = 2147483647;
			files = (
			);
			runOnlyForDeploymentPostprocessing = 0;
		};
/* End PBXResourcesBuildPhase section */

/* Begin PBXShellScriptBuildPhase section */
		559A5F2B991F1004998110EA /* [CP] Check Pods Manifest.lock */ = {
			isa = PBXShellScriptBuildPhase;
			buildActionMask = 2147483647;
			files = (
			);
			inputFileListPaths = (
			);
			inputPaths = (
				"${PODS_PODFILE_DIR_PATH}/Podfile.lock",
				"${PODS_ROOT}/Manifest.lock",
			);
			name = "[CP] Check Pods Manifest.lock";
			outputFileListPaths = (
			);
			outputPaths = (
				"$(DERIVED_FILE_DIR)/Pods-BLEExtractorExample-checkManifestLockResult.txt",
			);
			runOnlyForDeploymentPostprocessing = 0;
			shellPath = /bin/sh;
			shellScript = "diff \"${PODS_PODFILE_DIR_PATH}/Podfile.lock\" \"${PODS_ROOT}/Manifest.lock\" > /dev/null\nif [ $? != 0 ] ; then\n    # print error to STDERR\n    echo \"error: The sandbox is not in sync with the Podfile.lock. Run 'pod install' or update your CocoaPods installation.\" >&2\n    exit 1\nfi\n# This output is used by Xcode 'outputs' to avoid re-running this script phase.\necho \"SUCCESS\" > \"${SCRIPT_OUTPUT_FILE_0}\"\n";
			showEnvVarsInLog = 0;
		};
		DC32AED28460C8F0741C1759 /* [CP] Embed Pods Frameworks */ = {
			isa = PBXShellScriptBuildPhase;
			buildActionMask = 2147483647;
			files = (
			);
			inputFileListPaths = (
			);
			name = "[CP] Embed Pods Frameworks";
			outputFileListPaths = (
			);
			runOnlyForDeploymentPostprocessing = 0;
			shellPath = /bin/sh;
			shellScript = "\"${PODS_ROOT}/Target Support Files/Pods-BLEExtractorExample/Pods-BLEExtractorExample-frameworks.sh\"\n";
			showEnvVarsInLog = 0;
		};
/* End PBXShellScriptBuildPhase section */

/* Begin PBXSourcesBuildPhase section */
		ABEFA2B62D4C867A00C409F3 /* Sources */ = {
			isa = PBXSourcesBuildPhase;
			buildActionMask = 2147483647;
			files = (
			);
			runOnlyForDeploymentPostprocessing = 0;
		};
		ABEFA2C62D4C867B00C409F3 /* Sources */ = {
			isa = PBXSourcesBuildPhase;
			buildActionMask = 2147483647;
			files = (
			);
			runOnlyForDeploymentPostprocessing = 0;
		};
		ABEFA2D02D4C867B00C409F3 /* Sources */ = {
			isa = PBXSourcesBuildPhase;
			buildActionMask = 2147483647;
			files = (
			);
			runOnlyForDeploymentPostprocessing = 0;
		};
/* End PBXSourcesBuildPhase section */

/* Begin PBXTargetDependency section */
		ABEFA2CC2D4C867B00C409F3 /* PBXTargetDependency */ = {
			isa = PBXTargetDependency;
			target = ABEFA2B92D4C867A00C409F3 /* BLEExtractorExample */;
			targetProxy = ABEFA2CB2D4C867B00C409F3 /* PBXContainerItemProxy */;
		};
		ABEFA2D62D4C867B00C409F3 /* PBXTargetDependency */ = {
			isa = PBXTargetDependency;
			target = ABEFA2B92D4C867A00C409F3 /* BLEExtractorExample */;
			targetProxy = ABEFA2D52D4C867B00C409F3 /* PBXContainerItemProxy */;
		};
/* End PBXTargetDependency section */

/* Begin XCBuildConfiguration section */
		ABEFA2DC2D4C867B00C409F3 /* Debug */ = {
			isa = XCBuildConfiguration;
			buildSettings = {
				ALWAYS_SEARCH_USER_PATHS = NO;
				ASSETCATALOG_COMPILER_GENERATE_SWIFT_ASSET_SYMBOL_EXTENSIONS = YES;
				CLANG_ANALYZER_NONNULL = YES;
				CLANG_ANALYZER_NUMBER_OBJECT_CONVERSION = YES_AGGRESSIVE;
				CLANG_CXX_LANGUAGE_STANDARD = "gnu++20";
				CLANG_ENABLE_MODULES = YES;
				CLANG_ENABLE_OBJC_ARC = YES;
				CLANG_ENABLE_OBJC_WEAK = YES;
				CLANG_WARN_BLOCK_CAPTURE_AUTORELEASING = YES;
				CLANG_WARN_BOOL_CONVERSION = YES;
				CLANG_WARN_COMMA = YES;
				CLANG_WARN_CONSTANT_CONVERSION = YES;
				CLANG_WARN_DEPRECATED_OBJC_IMPLEMENTATIONS = YES;
				CLANG_WARN_DIRECT_OBJC_ISA_USAGE = YES_ERROR;
				CLANG_WARN_DOCUMENTATION_COMMENTS = YES;
				CLANG_WARN_EMPTY_BODY = YES;
				CLANG_WARN_ENUM_CONVERSION = YES;
				CLANG_WARN_INFINITE_RECURSION = YES;
				CLANG_WARN_INT_CONVERSION = YES;
				CLANG_WARN_NON_LITERAL_NULL_CONVERSION = YES;
				CLANG_WARN_OBJC_IMPLICIT_RETAIN_SELF = YES;
				CLANG_WARN_OBJC_LITERAL_CONVERSION = YES;
				CLANG_WARN_OBJC_ROOT_CLASS = YES_ERROR;
				CLANG_WARN_QUOTED_INCLUDE_IN_FRAMEWORK_HEADER = YES;
				CLANG_WARN_RANGE_LOOP_ANALYSIS = YES;
				CLANG_WARN_STRICT_PROTOTYPES = YES;
				CLANG_WARN_SUSPICIOUS_MOVE = YES;
				CLANG_WARN_UNGUARDED_AVAILABILITY = YES_AGGRESSIVE;
				CLANG_WARN_UNREACHABLE_CODE = YES;
				CLANG_WARN__DUPLICATE_METHOD_MATCH = YES;
				COPY_PHASE_STRIP = NO;
				DEBUG_INFORMATION_FORMAT = dwarf;
				ENABLE_STRICT_OBJC_MSGSEND = YES;
				ENABLE_TESTABILITY = YES;
				ENABLE_USER_SCRIPT_SANDBOXING = YES;
				GCC_C_LANGUAGE_STANDARD = gnu17;
				GCC_DYNAMIC_NO_PIC = NO;
				GCC_NO_COMMON_BLOCKS = YES;
				GCC_OPTIMIZATION_LEVEL = 0;
				GCC_PREPROCESSOR_DEFINITIONS = (
					"DEBUG=1",
					"$(inherited)",
				);
				GCC_WARN_64_TO_32_BIT_CONVERSION = YES;
				GCC_WARN_ABOUT_RETURN_TYPE = YES_ERROR;
				GCC_WARN_UNDECLARED_SELECTOR = YES;
				GCC_WARN_UNINITIALIZED_AUTOS = YES_AGGRESSIVE;
				GCC_WARN_UNUSED_FUNCTION = YES;
				GCC_WARN_UNUSED_VARIABLE = YES;
				IPHONEOS_DEPLOYMENT_TARGET = 18.2;
				LOCALIZATION_PREFERS_STRING_CATALOGS = YES;
				MTL_ENABLE_DEBUG_INFO = INCLUDE_SOURCE;
				MTL_FAST_MATH = YES;
				ONLY_ACTIVE_ARCH = YES;
				SDKROOT = iphoneos;
				SWIFT_ACTIVE_COMPILATION_CONDITIONS = "DEBUG $(inherited)";
				SWIFT_OPTIMIZATION_LEVEL = "-Onone";
			};
			name = Debug;
		};
		ABEFA2DD2D4C867B00C409F3 /* Release */ = {
			isa = XCBuildConfiguration;
			buildSettings = {
				ALWAYS_SEARCH_USER_PATHS = NO;
				ASSETCATALOG_COMPILER_GENERATE_SWIFT_ASSET_SYMBOL_EXTENSIONS = YES;
				CLANG_ANALYZER_NONNULL = YES;
				CLANG_ANALYZER_NUMBER_OBJECT_CONVERSION = YES_AGGRESSIVE;
				CLANG_CXX_LANGUAGE_STANDARD = "gnu++20";
				CLANG_ENABLE_MODULES = YES;
				CLANG_ENABLE_OBJC_ARC = YES;
				CLANG_ENABLE_OBJC_WEAK = YES;
				CLANG_WARN_BLOCK_CAPTURE_AUTORELEASING = YES;
				CLANG_WARN_BOOL_CONVERSION = YES;
				CLANG_WARN_COMMA = YES;
				CLANG_WARN_CONSTANT_CONVERSION = YES;
				CLANG_WARN_DEPRECATED_OBJC_IMPLEMENTATIONS = YES;
				CLANG_WARN_DIRECT_OBJC_ISA_USAGE = YES_ERROR;
				CLANG_WARN_DOCUMENTATION_COMMENTS = YES;
				CLANG_WARN_EMPTY_BODY = YES;
				CLANG_WARN_ENUM_CONVERSION = YES;
				CLANG_WARN_INFINITE_RECURSION = YES;
				CLANG_WARN_INT_CONVERSION = YES;
				CLANG_WARN_NON_LITERAL_NULL_CONVERSION = YES;
				CLANG_WARN_OBJC_IMPLICIT_RETAIN_SELF = YES;
				CLANG_WARN_OBJC_LITERAL_CONVERSION = YES;
				CLANG_WARN_OBJC_ROOT_CLASS = YES_ERROR;
				CLANG_WARN_QUOTED_INCLUDE_IN_FRAMEWORK_HEADER = YES;
				CLANG_WARN_RANGE_LOOP_ANALYSIS = YES;
				CLANG_WARN_STRICT_PROTOTYPES = YES;
				CLANG_WARN_SUSPICIOUS_MOVE = YES;
				CLANG_WARN_UNGUARDED_AVAILABILITY = YES_AGGRESSIVE;
				CLANG_WARN_UNREACHABLE_CODE = YES;
				CLANG_WARN__DUPLICATE_METHOD_MATCH = YES;
				COPY_PHASE_STRIP = NO;
				DEBUG_INFORMATION_FORMAT = "dwarf-with-dsym";
				ENABLE_NS_ASSERTIONS = NO;
				ENABLE_STRICT_OBJC_MSGSEND = YES;
				ENABLE_USER_SCRIPT_SANDBOXING = YES;
				GCC_C_LANGUAGE_STANDARD = gnu17;
				GCC_NO_COMMON_BLOCKS = YES;
				GCC_WARN_64_TO_32_BIT_CONVERSION = YES;
				GCC_WARN_ABOUT_RETURN_TYPE = YES_ERROR;
				GCC_WARN_UNDECLARED_SELECTOR = YES;
				GCC_WARN_UNINITIALIZED_AUTOS = YES_AGGRESSIVE;
				GCC_WARN_UNUSED_FUNCTION = YES;
				GCC_WARN_UNUSED_VARIABLE = YES;
				IPHONEOS_DEPLOYMENT_TARGET = 18.2;
				LOCALIZATION_PREFERS_STRING_CATALOGS = YES;
				MTL_ENABLE_DEBUG_INFO = NO;
				MTL_FAST_MATH = YES;
				SDKROOT = iphoneos;
				SWIFT_COMPILATION_MODE = wholemodule;
				VALIDATE_PRODUCT = YES;
			};
			name = Release;
		};
		ABEFA2DF2D4C867B00C409F3 /* Debug */ = {
			isa = XCBuildConfiguration;
			baseConfigurationReference = FB53492350A97DC6C138ED6D /* Pods-BLEExtractorExample.debug.xcconfig */;
			buildSettings = {
				ASSETCATALOG_COMPILER_APPICON_NAME = AppIcon;
				ASSETCATALOG_COMPILER_GLOBAL_ACCENT_COLOR_NAME = AccentColor;
				CODE_SIGN_STYLE = Automatic;
				CURRENT_PROJECT_VERSION = 1;
				DEVELOPMENT_ASSET_PATHS = "\"BLEExtractorExample/Preview Content\"";
				DEVELOPMENT_TEAM = K3G2PB8DXV;
				ENABLE_PREVIEWS = YES;
				ENABLE_USER_SCRIPT_SANDBOXING = NO;
				GENERATE_INFOPLIST_FILE = YES;
				INFOPLIST_FILE = BLEExtractorExample/Info.plist;
				INFOPLIST_KEY_UIApplicationSceneManifest_Generation = YES;
				INFOPLIST_KEY_UIApplicationSupportsIndirectInputEvents = YES;
				INFOPLIST_KEY_UILaunchScreen_Generation = YES;
				INFOPLIST_KEY_UISupportedInterfaceOrientations_iPad = "UIInterfaceOrientationPortrait UIInterfaceOrientationPortraitUpsideDown UIInterfaceOrientationLandscapeLeft UIInterfaceOrientationLandscapeRight";
				INFOPLIST_KEY_UISupportedInterfaceOrientations_iPhone = "UIInterfaceOrientationPortrait UIInterfaceOrientationLandscapeLeft UIInterfaceOrientationLandscapeRight";
				IPHONEOS_DEPLOYMENT_TARGET = 15.6;
				LD_RUNPATH_SEARCH_PATHS = (
					"$(inherited)",
					"@executable_path/Frameworks",
				);
				MARKETING_VERSION = 1.0;
				PRODUCT_BUNDLE_IDENTIFIER = com.microchip.BLEExtractorExample;
				PRODUCT_NAME = "$(TARGET_NAME)";
				SWIFT_EMIT_LOC_STRINGS = YES;
				SWIFT_VERSION = 5.0;
				TARGETED_DEVICE_FAMILY = "1,2";
			};
			name = Debug;
		};
		ABEFA2E02D4C867B00C409F3 /* Release */ = {
			isa = XCBuildConfiguration;
			baseConfigurationReference = 57791C03492D42B47371625C /* Pods-BLEExtractorExample.release.xcconfig */;
			buildSettings = {
				ASSETCATALOG_COMPILER_APPICON_NAME = AppIcon;
				ASSETCATALOG_COMPILER_GLOBAL_ACCENT_COLOR_NAME = AccentColor;
				CODE_SIGN_STYLE = Automatic;
				CURRENT_PROJECT_VERSION = 1;
				DEVELOPMENT_ASSET_PATHS = "\"BLEExtractorExample/Preview Content\"";
				DEVELOPMENT_TEAM = K3G2PB8DXV;
				ENABLE_PREVIEWS = YES;
				ENABLE_USER_SCRIPT_SANDBOXING = NO;
				GENERATE_INFOPLIST_FILE = YES;
				INFOPLIST_FILE = BLEExtractorExample/Info.plist;
				INFOPLIST_KEY_UIApplicationSceneManifest_Generation = YES;
				INFOPLIST_KEY_UIApplicationSupportsIndirectInputEvents = YES;
				INFOPLIST_KEY_UILaunchScreen_Generation = YES;
				INFOPLIST_KEY_UISupportedInterfaceOrientations_iPad = "UIInterfaceOrientationPortrait UIInterfaceOrientationPortraitUpsideDown UIInterfaceOrientationLandscapeLeft UIInterfaceOrientationLandscapeRight";
				INFOPLIST_KEY_UISupportedInterfaceOrientations_iPhone = "UIInterfaceOrientationPortrait UIInterfaceOrientationLandscapeLeft UIInterfaceOrientationLandscapeRight";
				IPHONEOS_DEPLOYMENT_TARGET = 15.6;
				LD_RUNPATH_SEARCH_PATHS = (
					"$(inherited)",
					"@executable_path/Frameworks",
				);
				MARKETING_VERSION = 1.0;
				PRODUCT_BUNDLE_IDENTIFIER = com.microchip.BLEExtractorExample;
				PRODUCT_NAME = "$(TARGET_NAME)";
				SWIFT_EMIT_LOC_STRINGS = YES;
				SWIFT_VERSION = 5.0;
				TARGETED_DEVICE_FAMILY = "1,2";
			};
			name = Release;
		};
		ABEFA2E22D4C867B00C409F3 /* Debug */ = {
			isa = XCBuildConfiguration;
			buildSettings = {
				BUNDLE_LOADER = "$(TEST_HOST)";
				CODE_SIGN_STYLE = Automatic;
				CURRENT_PROJECT_VERSION = 1;
				DEVELOPMENT_TEAM = K3G2PB8DXV;
				GENERATE_INFOPLIST_FILE = YES;
				IPHONEOS_DEPLOYMENT_TARGET = 18.2;
				MARKETING_VERSION = 1.0;
				PRODUCT_BUNDLE_IDENTIFIER = com.microchip.BLEExtractorExampleTests;
				PRODUCT_NAME = "$(TARGET_NAME)";
				SWIFT_EMIT_LOC_STRINGS = NO;
				SWIFT_VERSION = 5.0;
				TARGETED_DEVICE_FAMILY = "1,2";
				TEST_HOST = "$(BUILT_PRODUCTS_DIR)/BLEExtractorExample.app/$(BUNDLE_EXECUTABLE_FOLDER_PATH)/BLEExtractorExample";
			};
			name = Debug;
		};
		ABEFA2E32D4C867B00C409F3 /* Release */ = {
			isa = XCBuildConfiguration;
			buildSettings = {
				BUNDLE_LOADER = "$(TEST_HOST)";
				CODE_SIGN_STYLE = Automatic;
				CURRENT_PROJECT_VERSION = 1;
				DEVELOPMENT_TEAM = K3G2PB8DXV;
				GENERATE_INFOPLIST_FILE = YES;
				IPHONEOS_DEPLOYMENT_TARGET = 18.2;
				MARKETING_VERSION = 1.0;
				PRODUCT_BUNDLE_IDENTIFIER = com.microchip.BLEExtractorExampleTests;
				PRODUCT_NAME = "$(TARGET_NAME)";
				SWIFT_EMIT_LOC_STRINGS = NO;
				SWIFT_VERSION = 5.0;
				TARGETED_DEVICE_FAMILY = "1,2";
				TEST_HOST = "$(BUILT_PRODUCTS_DIR)/BLEExtractorExample.app/$(BUNDLE_EXECUTABLE_FOLDER_PATH)/BLEExtractorExample";
			};
			name = Release;
		};
		ABEFA2E52D4C867B00C409F3 /* Debug */ = {
			isa = XCBuildConfiguration;
			buildSettings = {
				CODE_SIGN_STYLE = Automatic;
				CURRENT_PROJECT_VERSION = 1;
				DEVELOPMENT_TEAM = K3G2PB8DXV;
				GENERATE_INFOPLIST_FILE = YES;
				MARKETING_VERSION = 1.0;
				PRODUCT_BUNDLE_IDENTIFIER = com.microchip.BLEExtractorExampleUITests;
				PRODUCT_NAME = "$(TARGET_NAME)";
				SWIFT_EMIT_LOC_STRINGS = NO;
				SWIFT_VERSION = 5.0;
				TARGETED_DEVICE_FAMILY = "1,2";
				TEST_TARGET_NAME = BLEExtractorExample;
			};
			name = Debug;
		};
		ABEFA2E62D4C867B00C409F3 /* Release */ = {
			isa = XCBuildConfiguration;
			buildSettings = {
				CODE_SIGN_STYLE = Automatic;
				CURRENT_PROJECT_VERSION = 1;
				DEVELOPMENT_TEAM = K3G2PB8DXV;
				GENERATE_INFOPLIST_FILE = YES;
				MARKETING_VERSION = 1.0;
				PRODUCT_BUNDLE_IDENTIFIER = com.microchip.BLEExtractorExampleUITests;
				PRODUCT_NAME = "$(TARGET_NAME)";
				SWIFT_EMIT_LOC_STRINGS = NO;
				SWIFT_VERSION = 5.0;
				TARGETED_DEVICE_FAMILY = "1,2";
				TEST_TARGET_NAME = BLEExtractorExample;
			};
			name = Release;
		};
/* End XCBuildConfiguration section */

/* Begin XCConfigurationList section */
		ABEFA2B52D4C867A00C409F3 /* Build configuration list for PBXProject "BLEExtractorExample" */ = {
			isa = XCConfigurationList;
			buildConfigurations = (
				ABEFA2DC2D4C867B00C409F3 /* Debug */,
				ABEFA2DD2D4C867B00C409F3 /* Release */,
			);
			defaultConfigurationIsVisible = 0;
			defaultConfigurationName = Release;
		};
		ABEFA2DE2D4C867B00C409F3 /* Build configuration list for PBXNativeTarget "BLEExtractorExample" */ = {
			isa = XCConfigurationList;
			buildConfigurations = (
				ABEFA2DF2D4C867B00C409F3 /* Debug */,
				ABEFA2E02D4C867B00C409F3 /* Release */,
			);
			defaultConfigurationIsVisible = 0;
			defaultConfigurationName = Release;
		};
		ABEFA2E12D4C867B00C409F3 /* Build configuration list for PBXNativeTarget "BLEExtractorExampleTests" */ = {
			isa = XCConfigurationList;
			buildConfigurations = (
				ABEFA2E22D4C867B00C409F3 /* Debug */,
				ABEFA2E32D4C867B00C409F3 /* Release */,
			);
			defaultConfigurationIsVisible = 0;
			defaultConfigurationName = Release;
		};
		ABEFA2E42D4C867B00C409F3 /* Build configuration list for PBXNativeTarget "BLEExtractorExampleUITests" */ = {
			isa = XCConfigurationList;
			buildConfigurations = (
				ABEFA2E52D4C867B00C409F3 /* Debug */,
				ABEFA2E62D4C867B00C409F3 /* Release */,
			);
			defaultConfigurationIsVisible = 0;
			defaultConfigurationName = Release;
		};
/* End XCConfigurationList section */
	};
	rootObject = ABEFA2B22D4C867A00C409F3 /* Project object */;
}
